
Microsoft Visual Studio Solution File, Format Version 12.00
# Visual Studio Version 16
VisualStudioVersion = 16.0.31129.286
MinimumVisualStudioVersion = 10.0.40219.1
Project("{FAE04EC0-301F-11D3-BF4B-00C04F79EFBC}") = "AfiliadosTest", "AfiliadosTest.csproj", "{376822F7-F838-4652-845B-543A4394F61F}"
EndProject
Global
	GlobalSection(SolutionConfigurationPlatforms) = preSolution
		Debug|Any CPU = Debug|Any CPU
		Release|Any CPU = Release|Any CPU
	EndGlobalSection
	GlobalSection(ProjectConfigurationPlatforms) = postSolution
		{376822F7-F838-4652-845B-543A4394F61F}.Debug|Any CPU.ActiveCfg = Debug|Any CPU
		{376822F7-F838-4652-845B-543A4394F61F}.Debug|Any CPU.Build.0 = Debug|Any CPU
		{376822F7-F838-4652-845B-543A4394F61F}.Release|Any CPU.ActiveCfg = Release|Any CPU
		{376822F7-F838-4652-845B-543A4394F61F}.Release|Any CPU.Build.0 = Release|Any CPU
	EndGlobalSection
	GlobalSection(SolutionProperties) = preSolution
		HideSolutionNode = FALSE
	EndGlobalSection
	GlobalSection(ExtensibilityGlobals) = postSolution
		SolutionGuid = {E7CF1371-2228-4C68-8DC8-49F7B62518F7}
	EndGlobalSection
EndGlobal
